
Microsoft Visual Studio Solution File, Format Version 12.00
# Visual Studio 15
VisualStudioVersion = 15.0.27004.2008
MinimumVisualStudioVersion = 10.0.40219.1
Project("{D954291E-2A0B-460D-934E-DC6B0785DB48}") = "XamarinIoTShared", "XamarinIoTShared\XamarinIoTShared\XamarinIoTShared.shproj", "{CF7961D0-BF3A-4A1F-86A8-6BB4FA659CAE}"
EndProject
Project("{FAE04EC0-301F-11D3-BF4B-00C04F79EFBC}") = "XamarinIoTShared.Android", "XamarinIoTShared\XamarinIoTShared.Android\XamarinIoTShared.Android.csproj", "{84A5A4B9-88EA-4F65-9000-C1EF335F68C4}"
EndProject
Project("{FAE04EC0-301F-11D3-BF4B-00C04F79EFBC}") = "XamarinIoTShared.iOS", "XamarinIoTShared\XamarinIoTShared.iOS\XamarinIoTShared.iOS.csproj", "{AB40314F-143C-4732-91EC-D17F9C8B8EED}"
EndProject
Project("{FAE04EC0-301F-11D3-BF4B-00C04F79EFBC}") = "XamarinIoTShared.UWP", "XamarinIoTShared\XamarinIoTShared.UWP\XamarinIoTShared.UWP.csproj", "{643B211A-C84F-4218-86DE-0E59FEFD9AEF}"
EndProject
Project("{D954291E-2A0B-460D-934E-DC6B0785DB48}") = "Settings", "..\Settings\Settings\Settings.shproj", "{E6454557-F259-4C83-B11E-B148C88EDFEF}"
EndProject
Global
	GlobalSection(SharedMSBuildProjectFiles) = preSolution
		..\Settings\Settings\Settings.projitems*{643b211a-c84f-4218-86de-0e59fefd9aef}*SharedItemsImports = 4
		XamarinIoTShared\XamarinIoTShared\XamarinIoTShared.projitems*{643b211a-c84f-4218-86de-0e59fefd9aef}*SharedItemsImports = 4
		..\Settings\Settings\Settings.projitems*{84a5a4b9-88ea-4f65-9000-c1ef335f68c4}*SharedItemsImports = 4
		XamarinIoTShared\XamarinIoTShared\XamarinIoTShared.projitems*{84a5a4b9-88ea-4f65-9000-c1ef335f68c4}*SharedItemsImports = 4
		..\Settings\Settings\Settings.projitems*{ab40314f-143c-4732-91ec-d17f9c8b8eed}*SharedItemsImports = 4
		XamarinIoTShared\XamarinIoTShared\XamarinIoTShared.projitems*{ab40314f-143c-4732-91ec-d17f9c8b8eed}*SharedItemsImports = 4
		XamarinIoTShared\XamarinIoTShared\XamarinIoTShared.projitems*{cf7961d0-bf3a-4a1f-86a8-6bb4fa659cae}*SharedItemsImports = 13
		..\Settings\Settings\Settings.projitems*{e6454557-f259-4c83-b11e-b148c88edfef}*SharedItemsImports = 13
	EndGlobalSection
	GlobalSection(SolutionConfigurationPlatforms) = preSolution
		Ad-Hoc|Any CPU = Ad-Hoc|Any CPU
		Ad-Hoc|ARM = Ad-Hoc|ARM
		Ad-Hoc|iPhone = Ad-Hoc|iPhone
		Ad-Hoc|iPhoneSimulator = Ad-Hoc|iPhoneSimulator
		Ad-Hoc|x64 = Ad-Hoc|x64
		Ad-Hoc|x86 = Ad-Hoc|x86
		AppStore|Any CPU = AppStore|Any CPU
		AppStore|ARM = AppStore|ARM
		AppStore|iPhone = AppStore|iPhone
		AppStore|iPhoneSimulator = AppStore|iPhoneSimulator
		AppStore|x64 = AppStore|x64
		AppStore|x86 = AppStore|x86
		Debug|Any CPU = Debug|Any CPU
		Debug|ARM = Debug|ARM
		Debug|iPhone = Debug|iPhone
		Debug|iPhoneSimulator = Debug|iPhoneSimulator
		Debug|x64 = Debug|x64
		Debug|x86 = Debug|x86
		Release|Any CPU = Release|Any CPU
		Release|ARM = Release|ARM
		Release|iPhone = Release|iPhone
		Release|iPhoneSimulator = Release|iPhoneSimulator
		Release|x64 = Release|x64
		Release|x86 = Release|x86
	EndGlobalSection
	GlobalSection(ProjectConfigurationPlatforms) = postSolution
		{84A5A4B9-88EA-4F65-9000-C1EF335F68C4}.Ad-Hoc|Any CPU.ActiveCfg = Release|Any CPU
		{84A5A4B9-88EA-4F65-9000-C1EF335F68C4}.Ad-Hoc|Any CPU.Build.0 = Release|Any CPU
		{84A5A4B9-88EA-4F65-9000-C1EF335F68C4}.Ad-Hoc|Any CPU.Deploy.0 = Release|Any CPU
		{84A5A4B9-88EA-4F65-9000-C1EF335F68C4}.Ad-Hoc|ARM.ActiveCfg = Release|Any CPU
		{84A5A4B9-88EA-4F65-9000-C1EF335F68C4}.Ad-Hoc|ARM.Build.0 = Release|Any CPU
		{84A5A4B9-88EA-4F65-9000-C1EF335F68C4}.Ad-Hoc|ARM.Deploy.0 = Release|Any CPU
		{84A5A4B9-88EA-4F65-9000-C1EF335F68C4}.Ad-Hoc|iPhone.ActiveCfg = Release|Any CPU
		{84A5A4B9-88EA-4F65-9000-C1EF335F68C4}.Ad-Hoc|iPhone.Build.0 = Release|Any CPU
		{84A5A4B9-88EA-4F65-9000-C1EF335F68C4}.Ad-Hoc|iPhone.Deploy.0 = Release|Any CPU
		{84A5A4B9-88EA-4F65-9000-C1EF335F68C4}.Ad-Hoc|iPhoneSimulator.ActiveCfg = Release|Any CPU
		{84A5A4B9-88EA-4F65-9000-C1EF335F68C4}.Ad-Hoc|iPhoneSimulator.Build.0 = Release|Any CPU
		{84A5A4B9-88EA-4F65-9000-C1EF335F68C4}.Ad-Hoc|iPhoneSimulator.Deploy.0 = Release|Any CPU
		{84A5A4B9-88EA-4F65-9000-C1EF335F68C4}.Ad-Hoc|x64.ActiveCfg = Release|Any CPU
		{84A5A4B9-88EA-4F65-9000-C1EF335F68C4}.Ad-Hoc|x64.Build.0 = Release|Any CPU
		{84A5A4B9-88EA-4F65-9000-C1EF335F68C4}.Ad-Hoc|x64.Deploy.0 = Release|Any CPU
		{84A5A4B9-88EA-4F65-9000-C1EF335F68C4}.Ad-Hoc|x86.ActiveCfg = Release|Any CPU
		{84A5A4B9-88EA-4F65-9000-C1EF335F68C4}.Ad-Hoc|x86.Build.0 = Release|Any CPU
		{84A5A4B9-88EA-4F65-9000-C1EF335F68C4}.Ad-Hoc|x86.Deploy.0 = Release|Any CPU
		{84A5A4B9-88EA-4F65-9000-C1EF335F68C4}.AppStore|Any CPU.ActiveCfg = Release|Any CPU
		{84A5A4B9-88EA-4F65-9000-C1EF335F68C4}.AppStore|Any CPU.Build.0 = Release|Any CPU
		{84A5A4B9-88EA-4F65-9000-C1EF335F68C4}.AppStore|Any CPU.Deploy.0 = Release|Any CPU
		{84A5A4B9-88EA-4F65-9000-C1EF335F68C4}.AppStore|ARM.ActiveCfg = Release|Any CPU
		{84A5A4B9-88EA-4F65-9000-C1EF335F68C4}.AppStore|ARM.Build.0 = Release|Any CPU
		{84A5A4B9-88EA-4F65-9000-C1EF335F68C4}.AppStore|ARM.Deploy.0 = Release|Any CPU
		{84A5A4B9-88EA-4F65-9000-C1EF335F68C4}.AppStore|iPhone.ActiveCfg = Release|Any CPU
		{84A5A4B9-88EA-4F65-9000-C1EF335F68C4}.AppStore|iPhone.Build.0 = Release|Any CPU
		{84A5A4B9-88EA-4F65-9000-C1EF335F68C4}.AppStore|iPhone.Deploy.0 = Release|Any CPU
		{84A5A4B9-88EA-4F65-9000-C1EF335F68C4}.AppStore|iPhoneSimulator.ActiveCfg = Release|Any CPU
		{84A5A4B9-88EA-4F65-9000-C1EF335F68C4}.AppStore|iPhoneSimulator.Build.0 = Release|Any CPU
		{84A5A4B9-88EA-4F65-9000-C1EF335F68C4}.AppStore|iPhoneSimulator.Deploy.0 = Release|Any CPU
		{84A5A4B9-88EA-4F65-9000-C1EF335F68C4}.AppStore|x64.ActiveCfg = Release|Any CPU
		{84A5A4B9-88EA-4F65-9000-C1EF335F68C4}.AppStore|x64.Build.0 = Release|Any CPU
		{84A5A4B9-88EA-4F65-9000-C1EF335F68C4}.AppStore|x64.Deploy.0 = Release|Any CPU
		{84A5A4B9-88EA-4F65-9000-C1EF335F68C4}.AppStore|x86.ActiveCfg = Release|Any CPU
		{84A5A4B9-88EA-4F65-9000-C1EF335F68C4}.AppStore|x86.Build.0 = Release|Any CPU
		{84A5A4B9-88EA-4F65-9000-C1EF335F68C4}.AppStore|x86.Deploy.0 = Release|Any CPU
		{84A5A4B9-88EA-4F65-9000-C1EF335F68C4}.Debug|Any CPU.ActiveCfg = Debug|Any CPU
		{84A5A4B9-88EA-4F65-9000-C1EF335F68C4}.Debug|Any CPU.Build.0 = Debug|Any CPU
		{84A5A4B9-88EA-4F65-9000-C1EF335F68C4}.Debug|Any CPU.Deploy.0 = Debug|Any CPU
		{84A5A4B9-88EA-4F65-9000-C1EF335F68C4}.Debug|ARM.ActiveCfg = Debug|Any CPU
		{84A5A4B9-88EA-4F65-9000-C1EF335F68C4}.Debug|ARM.Build.0 = Debug|Any CPU
		{84A5A4B9-88EA-4F65-9000-C1EF335F68C4}.Debug|ARM.Deploy.0 = Debug|Any CPU
		{84A5A4B9-88EA-4F65-9000-C1EF335F68C4}.Debug|iPhone.ActiveCfg = Debug|Any CPU
		{84A5A4B9-88EA-4F65-9000-C1EF335F68C4}.Debug|iPhone.Build.0 = Debug|Any CPU
		{84A5A4B9-88EA-4F65-9000-C1EF335F68C4}.Debug|iPhone.Deploy.0 = Debug|Any CPU
		{84A5A4B9-88EA-4F65-9000-C1EF335F68C4}.Debug|iPhoneSimulator.ActiveCfg = Debug|Any CPU
		{84A5A4B9-88EA-4F65-9000-C1EF335F68C4}.Debug|iPhoneSimulator.Build.0 = Debug|Any CPU
		{84A5A4B9-88EA-4F65-9000-C1EF335F68C4}.Debug|iPhoneSimulator.Deploy.0 = Debug|Any CPU
		{84A5A4B9-88EA-4F65-9000-C1EF335F68C4}.Debug|x64.ActiveCfg = Debug|Any CPU
		{84A5A4B9-88EA-4F65-9000-C1EF335F68C4}.Debug|x64.Build.0 = Debug|Any CPU
		{84A5A4B9-88EA-4F65-9000-C1EF335F68C4}.Debug|x64.Deploy.0 = Debug|Any CPU
		{84A5A4B9-88EA-4F65-9000-C1EF335F68C4}.Debug|x86.ActiveCfg = Debug|Any CPU
		{84A5A4B9-88EA-4F65-9000-C1EF335F68C4}.Debug|x86.Build.0 = Debug|Any CPU
		{84A5A4B9-88EA-4F65-9000-C1EF335F68C4}.Debug|x86.Deploy.0 = Debug|Any CPU
		{84A5A4B9-88EA-4F65-9000-C1EF335F68C4}.Release|Any CPU.ActiveCfg = Release|Any CPU
		{84A5A4B9-88EA-4F65-9000-C1EF335F68C4}.Release|Any CPU.Build.0 = Release|Any CPU
		{84A5A4B9-88EA-4F65-9000-C1EF335F68C4}.Release|Any CPU.Deploy.0 = Release|Any CPU
		{84A5A4B9-88EA-4F65-9000-C1EF335F68C4}.Release|ARM.ActiveCfg = Release|Any CPU
		{84A5A4B9-88EA-4F65-9000-C1EF335F68C4}.Release|ARM.Build.0 = Release|Any CPU
		{84A5A4B9-88EA-4F65-9000-C1EF335F68C4}.Release|ARM.Deploy.0 = Release|Any CPU
		{84A5A4B9-88EA-4F65-9000-C1EF335F68C4}.Release|iPhone.ActiveCfg = Release|Any CPU
		{84A5A4B9-88EA-4F65-9000-C1EF335F68C4}.Release|iPhone.Build.0 = Release|Any CPU
		{84A5A4B9-88EA-4F65-9000-C1EF335F68C4}.Release|iPhone.Deploy.0 = Release|Any CPU
		{84A5A4B9-88EA-4F65-9000-C1EF335F68C4}.Release|iPhoneSimulator.ActiveCfg = Release|Any CPU
		{84A5A4B9-88EA-4F65-9000-C1EF335F68C4}.Release|iPhoneSimulator.Build.0 = Release|Any CPU
		{84A5A4B9-88EA-4F65-9000-C1EF335F68C4}.Release|iPhoneSimulator.Deploy.0 = Release|Any CPU
		{84A5A4B9-88EA-4F65-9000-C1EF335F68C4}.Release|x64.ActiveCfg = Release|Any CPU
		{84A5A4B9-88EA-4F65-9000-C1EF335F68C4}.Release|x64.Build.0 = Release|Any CPU
		{84A5A4B9-88EA-4F65-9000-C1EF335F68C4}.Release|x64.Deploy.0 = Release|Any CPU
		{84A5A4B9-88EA-4F65-9000-C1EF335F68C4}.Release|x86.ActiveCfg = Release|Any CPU
		{84A5A4B9-88EA-4F65-9000-C1EF335F68C4}.Release|x86.Build.0 = Release|Any CPU
		{84A5A4B9-88EA-4F65-9000-C1EF335F68C4}.Release|x86.Deploy.0 = Release|Any CPU
		{AB40314F-143C-4732-91EC-D17F9C8B8EED}.Ad-Hoc|Any CPU.ActiveCfg = Ad-Hoc|iPhoneSimulator
		{AB40314F-143C-4732-91EC-D17F9C8B8EED}.Ad-Hoc|ARM.ActiveCfg = Ad-Hoc|iPhone
		{AB40314F-143C-4732-91EC-D17F9C8B8EED}.Ad-Hoc|iPhone.ActiveCfg = Ad-Hoc|iPhone
		{AB40314F-143C-4732-91EC-D17F9C8B8EED}.Ad-Hoc|iPhone.Build.0 = Ad-Hoc|iPhone
		{AB40314F-143C-4732-91EC-D17F9C8B8EED}.Ad-Hoc|iPhoneSimulator.ActiveCfg = Ad-Hoc|iPhoneSimulator
		{AB40314F-143C-4732-91EC-D17F9C8B8EED}.Ad-Hoc|iPhoneSimulator.Build.0 = Ad-Hoc|iPhoneSimulator
		{AB40314F-143C-4732-91EC-D17F9C8B8EED}.Ad-Hoc|x64.ActiveCfg = Ad-Hoc|iPhone
		{AB40314F-143C-4732-91EC-D17F9C8B8EED}.Ad-Hoc|x86.ActiveCfg = Ad-Hoc|iPhone
		{AB40314F-143C-4732-91EC-D17F9C8B8EED}.AppStore|Any CPU.ActiveCfg = AppStore|iPhoneSimulator
		{AB40314F-143C-4732-91EC-D17F9C8B8EED}.AppStore|ARM.ActiveCfg = AppStore|iPhone
		{AB40314F-143C-4732-91EC-D17F9C8B8EED}.AppStore|iPhone.ActiveCfg = AppStore|iPhone
		{AB40314F-143C-4732-91EC-D17F9C8B8EED}.AppStore|iPhone.Build.0 = AppStore|iPhone
		{AB40314F-143C-4732-91EC-D17F9C8B8EED}.AppStore|iPhoneSimulator.ActiveCfg = AppStore|iPhoneSimulator
		{AB40314F-143C-4732-91EC-D17F9C8B8EED}.AppStore|iPhoneSimulator.Build.0 = AppStore|iPhoneSimulator
		{AB40314F-143C-4732-91EC-D17F9C8B8EED}.AppStore|x64.ActiveCfg = AppStore|iPhone
		{AB40314F-143C-4732-91EC-D17F9C8B8EED}.AppStore|x86.ActiveCfg = AppStore|iPhone
		{AB40314F-143C-4732-91EC-D17F9C8B8EED}.Debug|Any CPU.ActiveCfg = Debug|iPhoneSimulator
		{AB40314F-143C-4732-91EC-D17F9C8B8EED}.Debug|ARM.ActiveCfg = Debug|iPhone
		{AB40314F-143C-4732-91EC-D17F9C8B8EED}.Debug|iPhone.ActiveCfg = Debug|iPhone
		{AB40314F-143C-4732-91EC-D17F9C8B8EED}.Debug|iPhone.Build.0 = Debug|iPhone
		{AB40314F-143C-4732-91EC-D17F9C8B8EED}.Debug|iPhoneSimulator.ActiveCfg = Debug|iPhoneSimulator
		{AB40314F-143C-4732-91EC-D17F9C8B8EED}.Debug|iPhoneSimulator.Build.0 = Debug|iPhoneSimulator
		{AB40314F-143C-4732-91EC-D17F9C8B8EED}.Debug|x64.ActiveCfg = Debug|iPhone
		{AB40314F-143C-4732-91EC-D17F9C8B8EED}.Debug|x86.ActiveCfg = Debug|iPhone
		{AB40314F-143C-4732-91EC-D17F9C8B8EED}.Release|Any CPU.ActiveCfg = Release|iPhoneSimulator
		{AB40314F-143C-4732-91EC-D17F9C8B8EED}.Release|ARM.ActiveCfg = Release|iPhone
		{AB40314F-143C-4732-91EC-D17F9C8B8EED}.Release|iPhone.ActiveCfg = Release|iPhone
		{AB40314F-143C-4732-91EC-D17F9C8B8EED}.Release|iPhone.Build.0 = Release|iPhone
		{AB40314F-143C-4732-91EC-D17F9C8B8EED}.Release|iPhoneSimulator.ActiveCfg = Release|iPhoneSimulator
		{AB40314F-143C-4732-91EC-D17F9C8B8EED}.Release|iPhoneSimulator.Build.0 = Release|iPhoneSimulator
		{AB40314F-143C-4732-91EC-D17F9C8B8EED}.Release|x64.ActiveCfg = Release|iPhone
		{AB40314F-143C-4732-91EC-D17F9C8B8EED}.Release|x86.ActiveCfg = Release|iPhone
		{643B211A-C84F-4218-86DE-0E59FEFD9AEF}.Ad-Hoc|Any CPU.ActiveCfg = Release|x86
		{643B211A-C84F-4218-86DE-0E59FEFD9AEF}.Ad-Hoc|Any CPU.Build.0 = Release|x86
		{643B211A-C84F-4218-86DE-0E59FEFD9AEF}.Ad-Hoc|Any CPU.Deploy.0 = Release|x86
		{643B211A-C84F-4218-86DE-0E59FEFD9AEF}.Ad-Hoc|ARM.ActiveCfg = Release|ARM
		{643B211A-C84F-4218-86DE-0E59FEFD9AEF}.Ad-Hoc|ARM.Build.0 = Release|ARM
		{643B211A-C84F-4218-86DE-0E59FEFD9AEF}.Ad-Hoc|ARM.Deploy.0 = Release|ARM
		{643B211A-C84F-4218-86DE-0E59FEFD9AEF}.Ad-Hoc|iPhone.ActiveCfg = Release|x86
		{643B211A-C84F-4218-86DE-0E59FEFD9AEF}.Ad-Hoc|iPhone.Build.0 = Release|x86
		{643B211A-C84F-4218-86DE-0E59FEFD9AEF}.Ad-Hoc|iPhone.Deploy.0 = Release|x86
		{643B211A-C84F-4218-86DE-0E59FEFD9AEF}.Ad-Hoc|iPhoneSimulator.ActiveCfg = Release|x86
		{643B211A-C84F-4218-86DE-0E59FEFD9AEF}.Ad-Hoc|iPhoneSimulator.Build.0 = Release|x86
		{643B211A-C84F-4218-86DE-0E59FEFD9AEF}.Ad-Hoc|iPhoneSimulator.Deploy.0 = Release|x86
		{643B211A-C84F-4218-86DE-0E59FEFD9AEF}.Ad-Hoc|x64.ActiveCfg = Release|x64
		{643B211A-C84F-4218-86DE-0E59FEFD9AEF}.Ad-Hoc|x64.Build.0 = Release|x64
		{643B211A-C84F-4218-86DE-0E59FEFD9AEF}.Ad-Hoc|x64.Deploy.0 = Release|x64
		{643B211A-C84F-4218-86DE-0E59FEFD9AEF}.Ad-Hoc|x86.ActiveCfg = Release|x86
		{643B211A-C84F-4218-86DE-0E59FEFD9AEF}.Ad-Hoc|x86.Build.0 = Release|x86
		{643B211A-C84F-4218-86DE-0E59FEFD9AEF}.Ad-Hoc|x86.Deploy.0 = Release|x86
		{643B211A-C84F-4218-86DE-0E59FEFD9AEF}.AppStore|Any CPU.ActiveCfg = Release|x86
		{643B211A-C84F-4218-86DE-0E59FEFD9AEF}.AppStore|Any CPU.Build.0 = Release|x86
		{643B211A-C84F-4218-86DE-0E59FEFD9AEF}.AppStore|Any CPU.Deploy.0 = Release|x86
		{643B211A-C84F-4218-86DE-0E59FEFD9AEF}.AppStore|ARM.ActiveCfg = Release|ARM
		{643B211A-C84F-4218-86DE-0E59FEFD9AEF}.AppStore|ARM.Build.0 = Release|ARM
		{643B211A-C84F-4218-86DE-0E59FEFD9AEF}.AppStore|ARM.Deploy.0 = Release|ARM
		{643B211A-C84F-4218-86DE-0E59FEFD9AEF}.AppStore|iPhone.ActiveCfg = Release|x86
		{643B211A-C84F-4218-86DE-0E59FEFD9AEF}.AppStore|iPhone.Build.0 = Release|x86
		{643B211A-C84F-4218-86DE-0E59FEFD9AEF}.AppStore|iPhone.Deploy.0 = Release|x86
		{643B211A-C84F-4218-86DE-0E59FEFD9AEF}.AppStore|iPhoneSimulator.ActiveCfg = Release|x86
		{643B211A-C84F-4218-86DE-0E59FEFD9AEF}.AppStore|iPhoneSimulator.Build.0 = Release|x86
		{643B211A-C84F-4218-86DE-0E59FEFD9AEF}.AppStore|iPhoneSimulator.Deploy.0 = Release|x86
		{643B211A-C84F-4218-86DE-0E59FEFD9AEF}.AppStore|x64.ActiveCfg = Release|x64
		{643B211A-C84F-4218-86DE-0E59FEFD9AEF}.AppStore|x64.Build.0 = Release|x64
		{643B211A-C84F-4218-86DE-0E59FEFD9AEF}.AppStore|x64.Deploy.0 = Release|x64
		{643B211A-C84F-4218-86DE-0E59FEFD9AEF}.AppStore|x86.ActiveCfg = Release|x86
		{643B211A-C84F-4218-86DE-0E59FEFD9AEF}.AppStore|x86.Build.0 = Release|x86
		{643B211A-C84F-4218-86DE-0E59FEFD9AEF}.AppStore|x86.Deploy.0 = Release|x86
		{643B211A-C84F-4218-86DE-0E59FEFD9AEF}.Debug|Any CPU.ActiveCfg = Debug|x86
		{643B211A-C84F-4218-86DE-0E59FEFD9AEF}.Debug|ARM.ActiveCfg = Debug|ARM
		{643B211A-C84F-4218-86DE-0E59FEFD9AEF}.Debug|ARM.Build.0 = Debug|ARM
		{643B211A-C84F-4218-86DE-0E59FEFD9AEF}.Debug|ARM.Deploy.0 = Debug|ARM
		{643B211A-C84F-4218-86DE-0E59FEFD9AEF}.Debug|iPhone.ActiveCfg = Debug|x86
		{643B211A-C84F-4218-86DE-0E59FEFD9AEF}.Debug|iPhoneSimulator.ActiveCfg = Debug|x86
		{643B211A-C84F-4218-86DE-0E59FEFD9AEF}.Debug|x64.ActiveCfg = Debug|x64
		{643B211A-C84F-4218-86DE-0E59FEFD9AEF}.Debug|x64.Build.0 = Debug|x64
		{643B211A-C84F-4218-86DE-0E59FEFD9AEF}.Debug|x64.Deploy.0 = Debug|x64
		{643B211A-C84F-4218-86DE-0E59FEFD9AEF}.Debug|x86.ActiveCfg = Debug|x86
		{643B211A-C84F-4218-86DE-0E59FEFD9AEF}.Debug|x86.Build.0 = Debug|x86
		{643B211A-C84F-4218-86DE-0E59FEFD9AEF}.Debug|x86.Deploy.0 = Debug|x86
		{643B211A-C84F-4218-86DE-0E59FEFD9AEF}.Release|Any CPU.ActiveCfg = Release|x86
		{643B211A-C84F-4218-86DE-0E59FEFD9AEF}.Release|ARM.ActiveCfg = Release|ARM
		{643B211A-C84F-4218-86DE-0E59FEFD9AEF}.Release|ARM.Build.0 = Release|ARM
		{643B211A-C84F-4218-86DE-0E59FEFD9AEF}.Release|ARM.Deploy.0 = Release|ARM
		{643B211A-C84F-4218-86DE-0E59FEFD9AEF}.Release|iPhone.ActiveCfg = Release|x86
		{643B211A-C84F-4218-86DE-0E59FEFD9AEF}.Release|iPhoneSimulator.ActiveCfg = Release|x86
		{643B211A-C84F-4218-86DE-0E59FEFD9AEF}.Release|x64.ActiveCfg = Release|x64
		{643B211A-C84F-4218-86DE-0E59FEFD9AEF}.Release|x64.Build.0 = Release|x64
		{643B211A-C84F-4218-86DE-0E59FEFD9AEF}.Release|x64.Deploy.0 = Release|x64
		{643B211A-C84F-4218-86DE-0E59FEFD9AEF}.Release|x86.ActiveCfg = Release|x86
		{643B211A-C84F-4218-86DE-0E59FEFD9AEF}.Release|x86.Build.0 = Release|x86
		{643B211A-C84F-4218-86DE-0E59FEFD9AEF}.Release|x86.Deploy.0 = Release|x86
	EndGlobalSection
	GlobalSection(SolutionProperties) = preSolution
		HideSolutionNode = FALSE
	EndGlobalSection
	GlobalSection(ExtensibilityGlobals) = postSolution
		SolutionGuid = {622019A9-1D06-4655-9874-37D8574E8A80}
	EndGlobalSection
EndGlobal
