
Microsoft Visual Studio Solution File, Format Version 12.00
# Visual Studio 15
VisualStudioVersion = 15.0.27004.2008
MinimumVisualStudioVersion = 10.0.40219.1
Project("{FAE04EC0-301F-11D3-BF4B-00C04F79EFBC}") = "XamarinIoTPCL.Android", "XamarinIoTPCL\XamarinIoTPCL.Android\XamarinIoTPCL.Android.csproj", "{F1704FC2-9D0B-4B68-8B6F-61725235D3AB}"
EndProject
Project("{FAE04EC0-301F-11D3-BF4B-00C04F79EFBC}") = "XamarinIoTPCL", "XamarinIoTPCL\XamarinIoTPCL\XamarinIoTPCL.csproj", "{6D9188E7-7F3A-4DC7-BD94-D1D1A715EA81}"
EndProject
Project("{FAE04EC0-301F-11D3-BF4B-00C04F79EFBC}") = "XamarinIoTPCL.UWP", "XamarinIoTPCL\XamarinIoTPCL.UWP\XamarinIoTPCL.UWP.csproj", "{A5A2A899-3ED2-4100-B648-206B562E5C62}"
EndProject
Project("{FAE04EC0-301F-11D3-BF4B-00C04F79EFBC}") = "XamarinIoTPCL.iOS", "XamarinIoTPCL\XamarinIoTPCL.iOS\XamarinIoTPCL.iOS.csproj", "{42DFF9E2-592D-4744-A992-F1052CB88137}"
EndProject
Project("{D954291E-2A0B-460D-934E-DC6B0785DB48}") = "Settings", "..\Settings\Settings\Settings.shproj", "{E6454557-F259-4C83-B11E-B148C88EDFEF}"
EndProject
Global
	GlobalSection(SharedMSBuildProjectFiles) = preSolution
		..\Settings\Settings\Settings.projitems*{6d9188e7-7f3a-4dc7-bd94-d1d1a715ea81}*SharedItemsImports = 4
		..\Settings\Settings\Settings.projitems*{e6454557-f259-4c83-b11e-b148c88edfef}*SharedItemsImports = 13
	EndGlobalSection
	GlobalSection(SolutionConfigurationPlatforms) = preSolution
		Ad-Hoc|Any CPU = Ad-Hoc|Any CPU
		Ad-Hoc|ARM = Ad-Hoc|ARM
		Ad-Hoc|iPhone = Ad-Hoc|iPhone
		Ad-Hoc|iPhoneSimulator = Ad-Hoc|iPhoneSimulator
		Ad-Hoc|x64 = Ad-Hoc|x64
		Ad-Hoc|x86 = Ad-Hoc|x86
		AppStore|Any CPU = AppStore|Any CPU
		AppStore|ARM = AppStore|ARM
		AppStore|iPhone = AppStore|iPhone
		AppStore|iPhoneSimulator = AppStore|iPhoneSimulator
		AppStore|x64 = AppStore|x64
		AppStore|x86 = AppStore|x86
		Debug|Any CPU = Debug|Any CPU
		Debug|ARM = Debug|ARM
		Debug|iPhone = Debug|iPhone
		Debug|iPhoneSimulator = Debug|iPhoneSimulator
		Debug|x64 = Debug|x64
		Debug|x86 = Debug|x86
		Release|Any CPU = Release|Any CPU
		Release|ARM = Release|ARM
		Release|iPhone = Release|iPhone
		Release|iPhoneSimulator = Release|iPhoneSimulator
		Release|x64 = Release|x64
		Release|x86 = Release|x86
	EndGlobalSection
	GlobalSection(ProjectConfigurationPlatforms) = postSolution
		{F1704FC2-9D0B-4B68-8B6F-61725235D3AB}.Ad-Hoc|Any CPU.ActiveCfg = Release|Any CPU
		{F1704FC2-9D0B-4B68-8B6F-61725235D3AB}.Ad-Hoc|Any CPU.Build.0 = Release|Any CPU
		{F1704FC2-9D0B-4B68-8B6F-61725235D3AB}.Ad-Hoc|Any CPU.Deploy.0 = Release|Any CPU
		{F1704FC2-9D0B-4B68-8B6F-61725235D3AB}.Ad-Hoc|ARM.ActiveCfg = Release|Any CPU
		{F1704FC2-9D0B-4B68-8B6F-61725235D3AB}.Ad-Hoc|ARM.Build.0 = Release|Any CPU
		{F1704FC2-9D0B-4B68-8B6F-61725235D3AB}.Ad-Hoc|ARM.Deploy.0 = Release|Any CPU
		{F1704FC2-9D0B-4B68-8B6F-61725235D3AB}.Ad-Hoc|iPhone.ActiveCfg = Release|Any CPU
		{F1704FC2-9D0B-4B68-8B6F-61725235D3AB}.Ad-Hoc|iPhone.Build.0 = Release|Any CPU
		{F1704FC2-9D0B-4B68-8B6F-61725235D3AB}.Ad-Hoc|iPhone.Deploy.0 = Release|Any CPU
		{F1704FC2-9D0B-4B68-8B6F-61725235D3AB}.Ad-Hoc|iPhoneSimulator.ActiveCfg = Release|Any CPU
		{F1704FC2-9D0B-4B68-8B6F-61725235D3AB}.Ad-Hoc|iPhoneSimulator.Build.0 = Release|Any CPU
		{F1704FC2-9D0B-4B68-8B6F-61725235D3AB}.Ad-Hoc|iPhoneSimulator.Deploy.0 = Release|Any CPU
		{F1704FC2-9D0B-4B68-8B6F-61725235D3AB}.Ad-Hoc|x64.ActiveCfg = Release|Any CPU
		{F1704FC2-9D0B-4B68-8B6F-61725235D3AB}.Ad-Hoc|x64.Build.0 = Release|Any CPU
		{F1704FC2-9D0B-4B68-8B6F-61725235D3AB}.Ad-Hoc|x64.Deploy.0 = Release|Any CPU
		{F1704FC2-9D0B-4B68-8B6F-61725235D3AB}.Ad-Hoc|x86.ActiveCfg = Release|Any CPU
		{F1704FC2-9D0B-4B68-8B6F-61725235D3AB}.Ad-Hoc|x86.Build.0 = Release|Any CPU
		{F1704FC2-9D0B-4B68-8B6F-61725235D3AB}.Ad-Hoc|x86.Deploy.0 = Release|Any CPU
		{F1704FC2-9D0B-4B68-8B6F-61725235D3AB}.AppStore|Any CPU.ActiveCfg = Release|Any CPU
		{F1704FC2-9D0B-4B68-8B6F-61725235D3AB}.AppStore|Any CPU.Build.0 = Release|Any CPU
		{F1704FC2-9D0B-4B68-8B6F-61725235D3AB}.AppStore|Any CPU.Deploy.0 = Release|Any CPU
		{F1704FC2-9D0B-4B68-8B6F-61725235D3AB}.AppStore|ARM.ActiveCfg = Release|Any CPU
		{F1704FC2-9D0B-4B68-8B6F-61725235D3AB}.AppStore|ARM.Build.0 = Release|Any CPU
		{F1704FC2-9D0B-4B68-8B6F-61725235D3AB}.AppStore|ARM.Deploy.0 = Release|Any CPU
		{F1704FC2-9D0B-4B68-8B6F-61725235D3AB}.AppStore|iPhone.ActiveCfg = Release|Any CPU
		{F1704FC2-9D0B-4B68-8B6F-61725235D3AB}.AppStore|iPhone.Build.0 = Release|Any CPU
		{F1704FC2-9D0B-4B68-8B6F-61725235D3AB}.AppStore|iPhone.Deploy.0 = Release|Any CPU
		{F1704FC2-9D0B-4B68-8B6F-61725235D3AB}.AppStore|iPhoneSimulator.ActiveCfg = Release|Any CPU
		{F1704FC2-9D0B-4B68-8B6F-61725235D3AB}.AppStore|iPhoneSimulator.Build.0 = Release|Any CPU
		{F1704FC2-9D0B-4B68-8B6F-61725235D3AB}.AppStore|iPhoneSimulator.Deploy.0 = Release|Any CPU
		{F1704FC2-9D0B-4B68-8B6F-61725235D3AB}.AppStore|x64.ActiveCfg = Release|Any CPU
		{F1704FC2-9D0B-4B68-8B6F-61725235D3AB}.AppStore|x64.Build.0 = Release|Any CPU
		{F1704FC2-9D0B-4B68-8B6F-61725235D3AB}.AppStore|x64.Deploy.0 = Release|Any CPU
		{F1704FC2-9D0B-4B68-8B6F-61725235D3AB}.AppStore|x86.ActiveCfg = Release|Any CPU
		{F1704FC2-9D0B-4B68-8B6F-61725235D3AB}.AppStore|x86.Build.0 = Release|Any CPU
		{F1704FC2-9D0B-4B68-8B6F-61725235D3AB}.AppStore|x86.Deploy.0 = Release|Any CPU
		{F1704FC2-9D0B-4B68-8B6F-61725235D3AB}.Debug|Any CPU.ActiveCfg = Debug|Any CPU
		{F1704FC2-9D0B-4B68-8B6F-61725235D3AB}.Debug|Any CPU.Build.0 = Debug|Any CPU
		{F1704FC2-9D0B-4B68-8B6F-61725235D3AB}.Debug|Any CPU.Deploy.0 = Debug|Any CPU
		{F1704FC2-9D0B-4B68-8B6F-61725235D3AB}.Debug|ARM.ActiveCfg = Debug|Any CPU
		{F1704FC2-9D0B-4B68-8B6F-61725235D3AB}.Debug|ARM.Build.0 = Debug|Any CPU
		{F1704FC2-9D0B-4B68-8B6F-61725235D3AB}.Debug|ARM.Deploy.0 = Debug|Any CPU
		{F1704FC2-9D0B-4B68-8B6F-61725235D3AB}.Debug|iPhone.ActiveCfg = Debug|Any CPU
		{F1704FC2-9D0B-4B68-8B6F-61725235D3AB}.Debug|iPhone.Build.0 = Debug|Any CPU
		{F1704FC2-9D0B-4B68-8B6F-61725235D3AB}.Debug|iPhone.Deploy.0 = Debug|Any CPU
		{F1704FC2-9D0B-4B68-8B6F-61725235D3AB}.Debug|iPhoneSimulator.ActiveCfg = Debug|Any CPU
		{F1704FC2-9D0B-4B68-8B6F-61725235D3AB}.Debug|iPhoneSimulator.Build.0 = Debug|Any CPU
		{F1704FC2-9D0B-4B68-8B6F-61725235D3AB}.Debug|iPhoneSimulator.Deploy.0 = Debug|Any CPU
		{F1704FC2-9D0B-4B68-8B6F-61725235D3AB}.Debug|x64.ActiveCfg = Debug|Any CPU
		{F1704FC2-9D0B-4B68-8B6F-61725235D3AB}.Debug|x64.Build.0 = Debug|Any CPU
		{F1704FC2-9D0B-4B68-8B6F-61725235D3AB}.Debug|x64.Deploy.0 = Debug|Any CPU
		{F1704FC2-9D0B-4B68-8B6F-61725235D3AB}.Debug|x86.ActiveCfg = Debug|Any CPU
		{F1704FC2-9D0B-4B68-8B6F-61725235D3AB}.Debug|x86.Build.0 = Debug|Any CPU
		{F1704FC2-9D0B-4B68-8B6F-61725235D3AB}.Debug|x86.Deploy.0 = Debug|Any CPU
		{F1704FC2-9D0B-4B68-8B6F-61725235D3AB}.Release|Any CPU.ActiveCfg = Release|Any CPU
		{F1704FC2-9D0B-4B68-8B6F-61725235D3AB}.Release|Any CPU.Build.0 = Release|Any CPU
		{F1704FC2-9D0B-4B68-8B6F-61725235D3AB}.Release|Any CPU.Deploy.0 = Release|Any CPU
		{F1704FC2-9D0B-4B68-8B6F-61725235D3AB}.Release|ARM.ActiveCfg = Release|Any CPU
		{F1704FC2-9D0B-4B68-8B6F-61725235D3AB}.Release|ARM.Build.0 = Release|Any CPU
		{F1704FC2-9D0B-4B68-8B6F-61725235D3AB}.Release|ARM.Deploy.0 = Release|Any CPU
		{F1704FC2-9D0B-4B68-8B6F-61725235D3AB}.Release|iPhone.ActiveCfg = Release|Any CPU
		{F1704FC2-9D0B-4B68-8B6F-61725235D3AB}.Release|iPhone.Build.0 = Release|Any CPU
		{F1704FC2-9D0B-4B68-8B6F-61725235D3AB}.Release|iPhone.Deploy.0 = Release|Any CPU
		{F1704FC2-9D0B-4B68-8B6F-61725235D3AB}.Release|iPhoneSimulator.ActiveCfg = Release|Any CPU
		{F1704FC2-9D0B-4B68-8B6F-61725235D3AB}.Release|iPhoneSimulator.Build.0 = Release|Any CPU
		{F1704FC2-9D0B-4B68-8B6F-61725235D3AB}.Release|iPhoneSimulator.Deploy.0 = Release|Any CPU
		{F1704FC2-9D0B-4B68-8B6F-61725235D3AB}.Release|x64.ActiveCfg = Release|Any CPU
		{F1704FC2-9D0B-4B68-8B6F-61725235D3AB}.Release|x64.Build.0 = Release|Any CPU
		{F1704FC2-9D0B-4B68-8B6F-61725235D3AB}.Release|x64.Deploy.0 = Release|Any CPU
		{F1704FC2-9D0B-4B68-8B6F-61725235D3AB}.Release|x86.ActiveCfg = Release|Any CPU
		{F1704FC2-9D0B-4B68-8B6F-61725235D3AB}.Release|x86.Build.0 = Release|Any CPU
		{F1704FC2-9D0B-4B68-8B6F-61725235D3AB}.Release|x86.Deploy.0 = Release|Any CPU
		{6D9188E7-7F3A-4DC7-BD94-D1D1A715EA81}.Ad-Hoc|Any CPU.ActiveCfg = Release|Any CPU
		{6D9188E7-7F3A-4DC7-BD94-D1D1A715EA81}.Ad-Hoc|Any CPU.Build.0 = Release|Any CPU
		{6D9188E7-7F3A-4DC7-BD94-D1D1A715EA81}.Ad-Hoc|ARM.ActiveCfg = Release|Any CPU
		{6D9188E7-7F3A-4DC7-BD94-D1D1A715EA81}.Ad-Hoc|ARM.Build.0 = Release|Any CPU
		{6D9188E7-7F3A-4DC7-BD94-D1D1A715EA81}.Ad-Hoc|iPhone.ActiveCfg = Release|Any CPU
		{6D9188E7-7F3A-4DC7-BD94-D1D1A715EA81}.Ad-Hoc|iPhone.Build.0 = Release|Any CPU
		{6D9188E7-7F3A-4DC7-BD94-D1D1A715EA81}.Ad-Hoc|iPhoneSimulator.ActiveCfg = Release|Any CPU
		{6D9188E7-7F3A-4DC7-BD94-D1D1A715EA81}.Ad-Hoc|iPhoneSimulator.Build.0 = Release|Any CPU
		{6D9188E7-7F3A-4DC7-BD94-D1D1A715EA81}.Ad-Hoc|x64.ActiveCfg = Release|Any CPU
		{6D9188E7-7F3A-4DC7-BD94-D1D1A715EA81}.Ad-Hoc|x64.Build.0 = Release|Any CPU
		{6D9188E7-7F3A-4DC7-BD94-D1D1A715EA81}.Ad-Hoc|x86.ActiveCfg = Release|Any CPU
		{6D9188E7-7F3A-4DC7-BD94-D1D1A715EA81}.Ad-Hoc|x86.Build.0 = Release|Any CPU
		{6D9188E7-7F3A-4DC7-BD94-D1D1A715EA81}.AppStore|Any CPU.ActiveCfg = Release|Any CPU
		{6D9188E7-7F3A-4DC7-BD94-D1D1A715EA81}.AppStore|Any CPU.Build.0 = Release|Any CPU
		{6D9188E7-7F3A-4DC7-BD94-D1D1A715EA81}.AppStore|ARM.ActiveCfg = Release|Any CPU
		{6D9188E7-7F3A-4DC7-BD94-D1D1A715EA81}.AppStore|ARM.Build.0 = Release|Any CPU
		{6D9188E7-7F3A-4DC7-BD94-D1D1A715EA81}.AppStore|iPhone.ActiveCfg = Release|Any CPU
		{6D9188E7-7F3A-4DC7-BD94-D1D1A715EA81}.AppStore|iPhone.Build.0 = Release|Any CPU
		{6D9188E7-7F3A-4DC7-BD94-D1D1A715EA81}.AppStore|iPhoneSimulator.ActiveCfg = Release|Any CPU
		{6D9188E7-7F3A-4DC7-BD94-D1D1A715EA81}.AppStore|iPhoneSimulator.Build.0 = Release|Any CPU
		{6D9188E7-7F3A-4DC7-BD94-D1D1A715EA81}.AppStore|x64.ActiveCfg = Release|Any CPU
		{6D9188E7-7F3A-4DC7-BD94-D1D1A715EA81}.AppStore|x64.Build.0 = Release|Any CPU
		{6D9188E7-7F3A-4DC7-BD94-D1D1A715EA81}.AppStore|x86.ActiveCfg = Release|Any CPU
		{6D9188E7-7F3A-4DC7-BD94-D1D1A715EA81}.AppStore|x86.Build.0 = Release|Any CPU
		{6D9188E7-7F3A-4DC7-BD94-D1D1A715EA81}.Debug|Any CPU.ActiveCfg = Debug|Any CPU
		{6D9188E7-7F3A-4DC7-BD94-D1D1A715EA81}.Debug|Any CPU.Build.0 = Debug|Any CPU
		{6D9188E7-7F3A-4DC7-BD94-D1D1A715EA81}.Debug|ARM.ActiveCfg = Debug|Any CPU
		{6D9188E7-7F3A-4DC7-BD94-D1D1A715EA81}.Debug|ARM.Build.0 = Debug|Any CPU
		{6D9188E7-7F3A-4DC7-BD94-D1D1A715EA81}.Debug|iPhone.ActiveCfg = Debug|Any CPU
		{6D9188E7-7F3A-4DC7-BD94-D1D1A715EA81}.Debug|iPhone.Build.0 = Debug|Any CPU
		{6D9188E7-7F3A-4DC7-BD94-D1D1A715EA81}.Debug|iPhoneSimulator.ActiveCfg = Debug|Any CPU
		{6D9188E7-7F3A-4DC7-BD94-D1D1A715EA81}.Debug|iPhoneSimulator.Build.0 = Debug|Any CPU
		{6D9188E7-7F3A-4DC7-BD94-D1D1A715EA81}.Debug|x64.ActiveCfg = Debug|Any CPU
		{6D9188E7-7F3A-4DC7-BD94-D1D1A715EA81}.Debug|x64.Build.0 = Debug|Any CPU
		{6D9188E7-7F3A-4DC7-BD94-D1D1A715EA81}.Debug|x86.ActiveCfg = Debug|Any CPU
		{6D9188E7-7F3A-4DC7-BD94-D1D1A715EA81}.Debug|x86.Build.0 = Debug|Any CPU
		{6D9188E7-7F3A-4DC7-BD94-D1D1A715EA81}.Release|Any CPU.ActiveCfg = Release|Any CPU
		{6D9188E7-7F3A-4DC7-BD94-D1D1A715EA81}.Release|Any CPU.Build.0 = Release|Any CPU
		{6D9188E7-7F3A-4DC7-BD94-D1D1A715EA81}.Release|ARM.ActiveCfg = Release|Any CPU
		{6D9188E7-7F3A-4DC7-BD94-D1D1A715EA81}.Release|ARM.Build.0 = Release|Any CPU
		{6D9188E7-7F3A-4DC7-BD94-D1D1A715EA81}.Release|iPhone.ActiveCfg = Release|Any CPU
		{6D9188E7-7F3A-4DC7-BD94-D1D1A715EA81}.Release|iPhone.Build.0 = Release|Any CPU
		{6D9188E7-7F3A-4DC7-BD94-D1D1A715EA81}.Release|iPhoneSimulator.ActiveCfg = Release|Any CPU
		{6D9188E7-7F3A-4DC7-BD94-D1D1A715EA81}.Release|iPhoneSimulator.Build.0 = Release|Any CPU
		{6D9188E7-7F3A-4DC7-BD94-D1D1A715EA81}.Release|x64.ActiveCfg = Release|Any CPU
		{6D9188E7-7F3A-4DC7-BD94-D1D1A715EA81}.Release|x64.Build.0 = Release|Any CPU
		{6D9188E7-7F3A-4DC7-BD94-D1D1A715EA81}.Release|x86.ActiveCfg = Release|Any CPU
		{6D9188E7-7F3A-4DC7-BD94-D1D1A715EA81}.Release|x86.Build.0 = Release|Any CPU
		{A5A2A899-3ED2-4100-B648-206B562E5C62}.Ad-Hoc|Any CPU.ActiveCfg = Release|x86
		{A5A2A899-3ED2-4100-B648-206B562E5C62}.Ad-Hoc|Any CPU.Build.0 = Release|x86
		{A5A2A899-3ED2-4100-B648-206B562E5C62}.Ad-Hoc|Any CPU.Deploy.0 = Release|x86
		{A5A2A899-3ED2-4100-B648-206B562E5C62}.Ad-Hoc|ARM.ActiveCfg = Release|ARM
		{A5A2A899-3ED2-4100-B648-206B562E5C62}.Ad-Hoc|ARM.Build.0 = Release|ARM
		{A5A2A899-3ED2-4100-B648-206B562E5C62}.Ad-Hoc|ARM.Deploy.0 = Release|ARM
		{A5A2A899-3ED2-4100-B648-206B562E5C62}.Ad-Hoc|iPhone.ActiveCfg = Release|x86
		{A5A2A899-3ED2-4100-B648-206B562E5C62}.Ad-Hoc|iPhone.Build.0 = Release|x86
		{A5A2A899-3ED2-4100-B648-206B562E5C62}.Ad-Hoc|iPhone.Deploy.0 = Release|x86
		{A5A2A899-3ED2-4100-B648-206B562E5C62}.Ad-Hoc|iPhoneSimulator.ActiveCfg = Release|x86
		{A5A2A899-3ED2-4100-B648-206B562E5C62}.Ad-Hoc|iPhoneSimulator.Build.0 = Release|x86
		{A5A2A899-3ED2-4100-B648-206B562E5C62}.Ad-Hoc|iPhoneSimulator.Deploy.0 = Release|x86
		{A5A2A899-3ED2-4100-B648-206B562E5C62}.Ad-Hoc|x64.ActiveCfg = Release|x64
		{A5A2A899-3ED2-4100-B648-206B562E5C62}.Ad-Hoc|x64.Build.0 = Release|x64
		{A5A2A899-3ED2-4100-B648-206B562E5C62}.Ad-Hoc|x64.Deploy.0 = Release|x64
		{A5A2A899-3ED2-4100-B648-206B562E5C62}.Ad-Hoc|x86.ActiveCfg = Release|x86
		{A5A2A899-3ED2-4100-B648-206B562E5C62}.Ad-Hoc|x86.Build.0 = Release|x86
		{A5A2A899-3ED2-4100-B648-206B562E5C62}.Ad-Hoc|x86.Deploy.0 = Release|x86
		{A5A2A899-3ED2-4100-B648-206B562E5C62}.AppStore|Any CPU.ActiveCfg = Release|x86
		{A5A2A899-3ED2-4100-B648-206B562E5C62}.AppStore|Any CPU.Build.0 = Release|x86
		{A5A2A899-3ED2-4100-B648-206B562E5C62}.AppStore|Any CPU.Deploy.0 = Release|x86
		{A5A2A899-3ED2-4100-B648-206B562E5C62}.AppStore|ARM.ActiveCfg = Release|ARM
		{A5A2A899-3ED2-4100-B648-206B562E5C62}.AppStore|ARM.Build.0 = Release|ARM
		{A5A2A899-3ED2-4100-B648-206B562E5C62}.AppStore|ARM.Deploy.0 = Release|ARM
		{A5A2A899-3ED2-4100-B648-206B562E5C62}.AppStore|iPhone.ActiveCfg = Release|x86
		{A5A2A899-3ED2-4100-B648-206B562E5C62}.AppStore|iPhone.Build.0 = Release|x86
		{A5A2A899-3ED2-4100-B648-206B562E5C62}.AppStore|iPhone.Deploy.0 = Release|x86
		{A5A2A899-3ED2-4100-B648-206B562E5C62}.AppStore|iPhoneSimulator.ActiveCfg = Release|x86
		{A5A2A899-3ED2-4100-B648-206B562E5C62}.AppStore|iPhoneSimulator.Build.0 = Release|x86
		{A5A2A899-3ED2-4100-B648-206B562E5C62}.AppStore|iPhoneSimulator.Deploy.0 = Release|x86
		{A5A2A899-3ED2-4100-B648-206B562E5C62}.AppStore|x64.ActiveCfg = Release|x64
		{A5A2A899-3ED2-4100-B648-206B562E5C62}.AppStore|x64.Build.0 = Release|x64
		{A5A2A899-3ED2-4100-B648-206B562E5C62}.AppStore|x64.Deploy.0 = Release|x64
		{A5A2A899-3ED2-4100-B648-206B562E5C62}.AppStore|x86.ActiveCfg = Release|x86
		{A5A2A899-3ED2-4100-B648-206B562E5C62}.AppStore|x86.Build.0 = Release|x86
		{A5A2A899-3ED2-4100-B648-206B562E5C62}.AppStore|x86.Deploy.0 = Release|x86
		{A5A2A899-3ED2-4100-B648-206B562E5C62}.Debug|Any CPU.ActiveCfg = Debug|x86
		{A5A2A899-3ED2-4100-B648-206B562E5C62}.Debug|ARM.ActiveCfg = Debug|ARM
		{A5A2A899-3ED2-4100-B648-206B562E5C62}.Debug|ARM.Build.0 = Debug|ARM
		{A5A2A899-3ED2-4100-B648-206B562E5C62}.Debug|ARM.Deploy.0 = Debug|ARM
		{A5A2A899-3ED2-4100-B648-206B562E5C62}.Debug|iPhone.ActiveCfg = Debug|x86
		{A5A2A899-3ED2-4100-B648-206B562E5C62}.Debug|iPhoneSimulator.ActiveCfg = Debug|x86
		{A5A2A899-3ED2-4100-B648-206B562E5C62}.Debug|x64.ActiveCfg = Debug|x64
		{A5A2A899-3ED2-4100-B648-206B562E5C62}.Debug|x64.Build.0 = Debug|x64
		{A5A2A899-3ED2-4100-B648-206B562E5C62}.Debug|x64.Deploy.0 = Debug|x64
		{A5A2A899-3ED2-4100-B648-206B562E5C62}.Debug|x86.ActiveCfg = Debug|x86
		{A5A2A899-3ED2-4100-B648-206B562E5C62}.Debug|x86.Build.0 = Debug|x86
		{A5A2A899-3ED2-4100-B648-206B562E5C62}.Debug|x86.Deploy.0 = Debug|x86
		{A5A2A899-3ED2-4100-B648-206B562E5C62}.Release|Any CPU.ActiveCfg = Release|x86
		{A5A2A899-3ED2-4100-B648-206B562E5C62}.Release|ARM.ActiveCfg = Release|ARM
		{A5A2A899-3ED2-4100-B648-206B562E5C62}.Release|ARM.Build.0 = Release|ARM
		{A5A2A899-3ED2-4100-B648-206B562E5C62}.Release|ARM.Deploy.0 = Release|ARM
		{A5A2A899-3ED2-4100-B648-206B562E5C62}.Release|iPhone.ActiveCfg = Release|x86
		{A5A2A899-3ED2-4100-B648-206B562E5C62}.Release|iPhoneSimulator.ActiveCfg = Release|x86
		{A5A2A899-3ED2-4100-B648-206B562E5C62}.Release|x64.ActiveCfg = Release|x64
		{A5A2A899-3ED2-4100-B648-206B562E5C62}.Release|x64.Build.0 = Release|x64
		{A5A2A899-3ED2-4100-B648-206B562E5C62}.Release|x64.Deploy.0 = Release|x64
		{A5A2A899-3ED2-4100-B648-206B562E5C62}.Release|x86.ActiveCfg = Release|x86
		{A5A2A899-3ED2-4100-B648-206B562E5C62}.Release|x86.Build.0 = Release|x86
		{A5A2A899-3ED2-4100-B648-206B562E5C62}.Release|x86.Deploy.0 = Release|x86
		{42DFF9E2-592D-4744-A992-F1052CB88137}.Ad-Hoc|Any CPU.ActiveCfg = Ad-Hoc|iPhoneSimulator
		{42DFF9E2-592D-4744-A992-F1052CB88137}.Ad-Hoc|ARM.ActiveCfg = Ad-Hoc|iPhone
		{42DFF9E2-592D-4744-A992-F1052CB88137}.Ad-Hoc|iPhone.ActiveCfg = Ad-Hoc|iPhone
		{42DFF9E2-592D-4744-A992-F1052CB88137}.Ad-Hoc|iPhone.Build.0 = Ad-Hoc|iPhone
		{42DFF9E2-592D-4744-A992-F1052CB88137}.Ad-Hoc|iPhoneSimulator.ActiveCfg = Ad-Hoc|iPhoneSimulator
		{42DFF9E2-592D-4744-A992-F1052CB88137}.Ad-Hoc|iPhoneSimulator.Build.0 = Ad-Hoc|iPhoneSimulator
		{42DFF9E2-592D-4744-A992-F1052CB88137}.Ad-Hoc|x64.ActiveCfg = Ad-Hoc|iPhone
		{42DFF9E2-592D-4744-A992-F1052CB88137}.Ad-Hoc|x86.ActiveCfg = Ad-Hoc|iPhone
		{42DFF9E2-592D-4744-A992-F1052CB88137}.AppStore|Any CPU.ActiveCfg = AppStore|iPhoneSimulator
		{42DFF9E2-592D-4744-A992-F1052CB88137}.AppStore|ARM.ActiveCfg = AppStore|iPhone
		{42DFF9E2-592D-4744-A992-F1052CB88137}.AppStore|iPhone.ActiveCfg = AppStore|iPhone
		{42DFF9E2-592D-4744-A992-F1052CB88137}.AppStore|iPhone.Build.0 = AppStore|iPhone
		{42DFF9E2-592D-4744-A992-F1052CB88137}.AppStore|iPhoneSimulator.ActiveCfg = AppStore|iPhoneSimulator
		{42DFF9E2-592D-4744-A992-F1052CB88137}.AppStore|iPhoneSimulator.Build.0 = AppStore|iPhoneSimulator
		{42DFF9E2-592D-4744-A992-F1052CB88137}.AppStore|x64.ActiveCfg = AppStore|iPhone
		{42DFF9E2-592D-4744-A992-F1052CB88137}.AppStore|x86.ActiveCfg = AppStore|iPhone
		{42DFF9E2-592D-4744-A992-F1052CB88137}.Debug|Any CPU.ActiveCfg = Debug|iPhoneSimulator
		{42DFF9E2-592D-4744-A992-F1052CB88137}.Debug|ARM.ActiveCfg = Debug|iPhone
		{42DFF9E2-592D-4744-A992-F1052CB88137}.Debug|iPhone.ActiveCfg = Debug|iPhone
		{42DFF9E2-592D-4744-A992-F1052CB88137}.Debug|iPhone.Build.0 = Debug|iPhone
		{42DFF9E2-592D-4744-A992-F1052CB88137}.Debug|iPhoneSimulator.ActiveCfg = Debug|iPhoneSimulator
		{42DFF9E2-592D-4744-A992-F1052CB88137}.Debug|iPhoneSimulator.Build.0 = Debug|iPhoneSimulator
		{42DFF9E2-592D-4744-A992-F1052CB88137}.Debug|x64.ActiveCfg = Debug|iPhone
		{42DFF9E2-592D-4744-A992-F1052CB88137}.Debug|x86.ActiveCfg = Debug|iPhone
		{42DFF9E2-592D-4744-A992-F1052CB88137}.Release|Any CPU.ActiveCfg = Release|iPhoneSimulator
		{42DFF9E2-592D-4744-A992-F1052CB88137}.Release|ARM.ActiveCfg = Release|iPhone
		{42DFF9E2-592D-4744-A992-F1052CB88137}.Release|iPhone.ActiveCfg = Release|iPhone
		{42DFF9E2-592D-4744-A992-F1052CB88137}.Release|iPhone.Build.0 = Release|iPhone
		{42DFF9E2-592D-4744-A992-F1052CB88137}.Release|iPhoneSimulator.ActiveCfg = Release|iPhoneSimulator
		{42DFF9E2-592D-4744-A992-F1052CB88137}.Release|iPhoneSimulator.Build.0 = Release|iPhoneSimulator
		{42DFF9E2-592D-4744-A992-F1052CB88137}.Release|x64.ActiveCfg = Release|iPhone
		{42DFF9E2-592D-4744-A992-F1052CB88137}.Release|x86.ActiveCfg = Release|iPhone
	EndGlobalSection
	GlobalSection(SolutionProperties) = preSolution
		HideSolutionNode = FALSE
	EndGlobalSection
	GlobalSection(ExtensibilityGlobals) = postSolution
		SolutionGuid = {90380A30-D12C-45F5-A13C-F8214FEB33B2}
	EndGlobalSection
EndGlobal
