
Microsoft Visual Studio Solution File, Format Version 12.00
# Visual Studio 15
VisualStudioVersion = 15.0.27004.2008
MinimumVisualStudioVersion = 10.0.40219.1
Project("{FAE04EC0-301F-11D3-BF4B-00C04F79EFBC}") = "XamarinIoTStandard.Android", "XamarinIoTStandard\XamarinIoTStandard.Android\XamarinIoTStandard.Android.csproj", "{DA9BC099-184B-49A6-A4C4-7415EB9F2FE6}"
EndProject
Project("{FAE04EC0-301F-11D3-BF4B-00C04F79EFBC}") = "XamarinIoTStandard.UWP", "XamarinIoTStandard\XamarinIoTStandard.UWP\XamarinIoTStandard.UWP.csproj", "{CFE42D3B-6015-4C13-85B9-FA451F79B0D1}"
EndProject
Project("{FAE04EC0-301F-11D3-BF4B-00C04F79EFBC}") = "XamarinIoTStandard.iOS", "XamarinIoTStandard\XamarinIoTStandard.iOS\XamarinIoTStandard.iOS.csproj", "{158DDDEC-E215-4488-93A1-5DCE5AD13594}"
EndProject
Project("{9A19103F-16F7-4668-BE54-9A1E7A4F7556}") = "XamarinIoTStandard.Shared", "XamarinIoTStandard.Shared\XamarinIoTStandard.Shared.csproj", "{84A54E22-DACB-4FE6-B9EB-1F34F24CFDD1}"
EndProject
Project("{D954291E-2A0B-460D-934E-DC6B0785DB48}") = "Settings", "..\Settings\Settings\Settings.shproj", "{E6454557-F259-4C83-B11E-B148C88EDFEF}"
EndProject
Global
	GlobalSection(SharedMSBuildProjectFiles) = preSolution
		..\Settings\Settings\Settings.projitems*{cfe42d3b-6015-4c13-85b9-fa451f79b0d1}*SharedItemsImports = 4
		..\Settings\Settings\Settings.projitems*{e6454557-f259-4c83-b11e-b148c88edfef}*SharedItemsImports = 13
	EndGlobalSection
	GlobalSection(SolutionConfigurationPlatforms) = preSolution
		Ad-Hoc|Any CPU = Ad-Hoc|Any CPU
		Ad-Hoc|ARM = Ad-Hoc|ARM
		Ad-Hoc|iPhone = Ad-Hoc|iPhone
		Ad-Hoc|iPhoneSimulator = Ad-Hoc|iPhoneSimulator
		Ad-Hoc|x64 = Ad-Hoc|x64
		Ad-Hoc|x86 = Ad-Hoc|x86
		AppStore|Any CPU = AppStore|Any CPU
		AppStore|ARM = AppStore|ARM
		AppStore|iPhone = AppStore|iPhone
		AppStore|iPhoneSimulator = AppStore|iPhoneSimulator
		AppStore|x64 = AppStore|x64
		AppStore|x86 = AppStore|x86
		Debug|Any CPU = Debug|Any CPU
		Debug|ARM = Debug|ARM
		Debug|iPhone = Debug|iPhone
		Debug|iPhoneSimulator = Debug|iPhoneSimulator
		Debug|x64 = Debug|x64
		Debug|x86 = Debug|x86
		Release|Any CPU = Release|Any CPU
		Release|ARM = Release|ARM
		Release|iPhone = Release|iPhone
		Release|iPhoneSimulator = Release|iPhoneSimulator
		Release|x64 = Release|x64
		Release|x86 = Release|x86
	EndGlobalSection
	GlobalSection(ProjectConfigurationPlatforms) = postSolution
		{DA9BC099-184B-49A6-A4C4-7415EB9F2FE6}.Ad-Hoc|Any CPU.ActiveCfg = Release|Any CPU
		{DA9BC099-184B-49A6-A4C4-7415EB9F2FE6}.Ad-Hoc|Any CPU.Build.0 = Release|Any CPU
		{DA9BC099-184B-49A6-A4C4-7415EB9F2FE6}.Ad-Hoc|Any CPU.Deploy.0 = Release|Any CPU
		{DA9BC099-184B-49A6-A4C4-7415EB9F2FE6}.Ad-Hoc|ARM.ActiveCfg = Release|Any CPU
		{DA9BC099-184B-49A6-A4C4-7415EB9F2FE6}.Ad-Hoc|ARM.Build.0 = Release|Any CPU
		{DA9BC099-184B-49A6-A4C4-7415EB9F2FE6}.Ad-Hoc|ARM.Deploy.0 = Release|Any CPU
		{DA9BC099-184B-49A6-A4C4-7415EB9F2FE6}.Ad-Hoc|iPhone.ActiveCfg = Release|Any CPU
		{DA9BC099-184B-49A6-A4C4-7415EB9F2FE6}.Ad-Hoc|iPhone.Build.0 = Release|Any CPU
		{DA9BC099-184B-49A6-A4C4-7415EB9F2FE6}.Ad-Hoc|iPhone.Deploy.0 = Release|Any CPU
		{DA9BC099-184B-49A6-A4C4-7415EB9F2FE6}.Ad-Hoc|iPhoneSimulator.ActiveCfg = Release|Any CPU
		{DA9BC099-184B-49A6-A4C4-7415EB9F2FE6}.Ad-Hoc|iPhoneSimulator.Build.0 = Release|Any CPU
		{DA9BC099-184B-49A6-A4C4-7415EB9F2FE6}.Ad-Hoc|iPhoneSimulator.Deploy.0 = Release|Any CPU
		{DA9BC099-184B-49A6-A4C4-7415EB9F2FE6}.Ad-Hoc|x64.ActiveCfg = Release|Any CPU
		{DA9BC099-184B-49A6-A4C4-7415EB9F2FE6}.Ad-Hoc|x64.Build.0 = Release|Any CPU
		{DA9BC099-184B-49A6-A4C4-7415EB9F2FE6}.Ad-Hoc|x64.Deploy.0 = Release|Any CPU
		{DA9BC099-184B-49A6-A4C4-7415EB9F2FE6}.Ad-Hoc|x86.ActiveCfg = Release|Any CPU
		{DA9BC099-184B-49A6-A4C4-7415EB9F2FE6}.Ad-Hoc|x86.Build.0 = Release|Any CPU
		{DA9BC099-184B-49A6-A4C4-7415EB9F2FE6}.Ad-Hoc|x86.Deploy.0 = Release|Any CPU
		{DA9BC099-184B-49A6-A4C4-7415EB9F2FE6}.AppStore|Any CPU.ActiveCfg = Release|Any CPU
		{DA9BC099-184B-49A6-A4C4-7415EB9F2FE6}.AppStore|Any CPU.Build.0 = Release|Any CPU
		{DA9BC099-184B-49A6-A4C4-7415EB9F2FE6}.AppStore|Any CPU.Deploy.0 = Release|Any CPU
		{DA9BC099-184B-49A6-A4C4-7415EB9F2FE6}.AppStore|ARM.ActiveCfg = Release|Any CPU
		{DA9BC099-184B-49A6-A4C4-7415EB9F2FE6}.AppStore|ARM.Build.0 = Release|Any CPU
		{DA9BC099-184B-49A6-A4C4-7415EB9F2FE6}.AppStore|ARM.Deploy.0 = Release|Any CPU
		{DA9BC099-184B-49A6-A4C4-7415EB9F2FE6}.AppStore|iPhone.ActiveCfg = Release|Any CPU
		{DA9BC099-184B-49A6-A4C4-7415EB9F2FE6}.AppStore|iPhone.Build.0 = Release|Any CPU
		{DA9BC099-184B-49A6-A4C4-7415EB9F2FE6}.AppStore|iPhone.Deploy.0 = Release|Any CPU
		{DA9BC099-184B-49A6-A4C4-7415EB9F2FE6}.AppStore|iPhoneSimulator.ActiveCfg = Release|Any CPU
		{DA9BC099-184B-49A6-A4C4-7415EB9F2FE6}.AppStore|iPhoneSimulator.Build.0 = Release|Any CPU
		{DA9BC099-184B-49A6-A4C4-7415EB9F2FE6}.AppStore|iPhoneSimulator.Deploy.0 = Release|Any CPU
		{DA9BC099-184B-49A6-A4C4-7415EB9F2FE6}.AppStore|x64.ActiveCfg = Release|Any CPU
		{DA9BC099-184B-49A6-A4C4-7415EB9F2FE6}.AppStore|x64.Build.0 = Release|Any CPU
		{DA9BC099-184B-49A6-A4C4-7415EB9F2FE6}.AppStore|x64.Deploy.0 = Release|Any CPU
		{DA9BC099-184B-49A6-A4C4-7415EB9F2FE6}.AppStore|x86.ActiveCfg = Release|Any CPU
		{DA9BC099-184B-49A6-A4C4-7415EB9F2FE6}.AppStore|x86.Build.0 = Release|Any CPU
		{DA9BC099-184B-49A6-A4C4-7415EB9F2FE6}.AppStore|x86.Deploy.0 = Release|Any CPU
		{DA9BC099-184B-49A6-A4C4-7415EB9F2FE6}.Debug|Any CPU.ActiveCfg = Debug|Any CPU
		{DA9BC099-184B-49A6-A4C4-7415EB9F2FE6}.Debug|Any CPU.Build.0 = Debug|Any CPU
		{DA9BC099-184B-49A6-A4C4-7415EB9F2FE6}.Debug|Any CPU.Deploy.0 = Debug|Any CPU
		{DA9BC099-184B-49A6-A4C4-7415EB9F2FE6}.Debug|ARM.ActiveCfg = Debug|Any CPU
		{DA9BC099-184B-49A6-A4C4-7415EB9F2FE6}.Debug|ARM.Build.0 = Debug|Any CPU
		{DA9BC099-184B-49A6-A4C4-7415EB9F2FE6}.Debug|ARM.Deploy.0 = Debug|Any CPU
		{DA9BC099-184B-49A6-A4C4-7415EB9F2FE6}.Debug|iPhone.ActiveCfg = Debug|Any CPU
		{DA9BC099-184B-49A6-A4C4-7415EB9F2FE6}.Debug|iPhone.Build.0 = Debug|Any CPU
		{DA9BC099-184B-49A6-A4C4-7415EB9F2FE6}.Debug|iPhone.Deploy.0 = Debug|Any CPU
		{DA9BC099-184B-49A6-A4C4-7415EB9F2FE6}.Debug|iPhoneSimulator.ActiveCfg = Debug|Any CPU
		{DA9BC099-184B-49A6-A4C4-7415EB9F2FE6}.Debug|iPhoneSimulator.Build.0 = Debug|Any CPU
		{DA9BC099-184B-49A6-A4C4-7415EB9F2FE6}.Debug|iPhoneSimulator.Deploy.0 = Debug|Any CPU
		{DA9BC099-184B-49A6-A4C4-7415EB9F2FE6}.Debug|x64.ActiveCfg = Debug|Any CPU
		{DA9BC099-184B-49A6-A4C4-7415EB9F2FE6}.Debug|x64.Build.0 = Debug|Any CPU
		{DA9BC099-184B-49A6-A4C4-7415EB9F2FE6}.Debug|x64.Deploy.0 = Debug|Any CPU
		{DA9BC099-184B-49A6-A4C4-7415EB9F2FE6}.Debug|x86.ActiveCfg = Debug|Any CPU
		{DA9BC099-184B-49A6-A4C4-7415EB9F2FE6}.Debug|x86.Build.0 = Debug|Any CPU
		{DA9BC099-184B-49A6-A4C4-7415EB9F2FE6}.Debug|x86.Deploy.0 = Debug|Any CPU
		{DA9BC099-184B-49A6-A4C4-7415EB9F2FE6}.Release|Any CPU.ActiveCfg = Release|Any CPU
		{DA9BC099-184B-49A6-A4C4-7415EB9F2FE6}.Release|Any CPU.Build.0 = Release|Any CPU
		{DA9BC099-184B-49A6-A4C4-7415EB9F2FE6}.Release|Any CPU.Deploy.0 = Release|Any CPU
		{DA9BC099-184B-49A6-A4C4-7415EB9F2FE6}.Release|ARM.ActiveCfg = Release|Any CPU
		{DA9BC099-184B-49A6-A4C4-7415EB9F2FE6}.Release|ARM.Build.0 = Release|Any CPU
		{DA9BC099-184B-49A6-A4C4-7415EB9F2FE6}.Release|ARM.Deploy.0 = Release|Any CPU
		{DA9BC099-184B-49A6-A4C4-7415EB9F2FE6}.Release|iPhone.ActiveCfg = Release|Any CPU
		{DA9BC099-184B-49A6-A4C4-7415EB9F2FE6}.Release|iPhone.Build.0 = Release|Any CPU
		{DA9BC099-184B-49A6-A4C4-7415EB9F2FE6}.Release|iPhone.Deploy.0 = Release|Any CPU
		{DA9BC099-184B-49A6-A4C4-7415EB9F2FE6}.Release|iPhoneSimulator.ActiveCfg = Release|Any CPU
		{DA9BC099-184B-49A6-A4C4-7415EB9F2FE6}.Release|iPhoneSimulator.Build.0 = Release|Any CPU
		{DA9BC099-184B-49A6-A4C4-7415EB9F2FE6}.Release|iPhoneSimulator.Deploy.0 = Release|Any CPU
		{DA9BC099-184B-49A6-A4C4-7415EB9F2FE6}.Release|x64.ActiveCfg = Release|Any CPU
		{DA9BC099-184B-49A6-A4C4-7415EB9F2FE6}.Release|x64.Build.0 = Release|Any CPU
		{DA9BC099-184B-49A6-A4C4-7415EB9F2FE6}.Release|x64.Deploy.0 = Release|Any CPU
		{DA9BC099-184B-49A6-A4C4-7415EB9F2FE6}.Release|x86.ActiveCfg = Release|Any CPU
		{DA9BC099-184B-49A6-A4C4-7415EB9F2FE6}.Release|x86.Build.0 = Release|Any CPU
		{DA9BC099-184B-49A6-A4C4-7415EB9F2FE6}.Release|x86.Deploy.0 = Release|Any CPU
		{CFE42D3B-6015-4C13-85B9-FA451F79B0D1}.Ad-Hoc|Any CPU.ActiveCfg = Release|x86
		{CFE42D3B-6015-4C13-85B9-FA451F79B0D1}.Ad-Hoc|Any CPU.Build.0 = Release|x86
		{CFE42D3B-6015-4C13-85B9-FA451F79B0D1}.Ad-Hoc|Any CPU.Deploy.0 = Release|x86
		{CFE42D3B-6015-4C13-85B9-FA451F79B0D1}.Ad-Hoc|ARM.ActiveCfg = Release|ARM
		{CFE42D3B-6015-4C13-85B9-FA451F79B0D1}.Ad-Hoc|ARM.Build.0 = Release|ARM
		{CFE42D3B-6015-4C13-85B9-FA451F79B0D1}.Ad-Hoc|ARM.Deploy.0 = Release|ARM
		{CFE42D3B-6015-4C13-85B9-FA451F79B0D1}.Ad-Hoc|iPhone.ActiveCfg = Release|x86
		{CFE42D3B-6015-4C13-85B9-FA451F79B0D1}.Ad-Hoc|iPhone.Build.0 = Release|x86
		{CFE42D3B-6015-4C13-85B9-FA451F79B0D1}.Ad-Hoc|iPhone.Deploy.0 = Release|x86
		{CFE42D3B-6015-4C13-85B9-FA451F79B0D1}.Ad-Hoc|iPhoneSimulator.ActiveCfg = Release|x86
		{CFE42D3B-6015-4C13-85B9-FA451F79B0D1}.Ad-Hoc|iPhoneSimulator.Build.0 = Release|x86
		{CFE42D3B-6015-4C13-85B9-FA451F79B0D1}.Ad-Hoc|iPhoneSimulator.Deploy.0 = Release|x86
		{CFE42D3B-6015-4C13-85B9-FA451F79B0D1}.Ad-Hoc|x64.ActiveCfg = Release|x64
		{CFE42D3B-6015-4C13-85B9-FA451F79B0D1}.Ad-Hoc|x64.Build.0 = Release|x64
		{CFE42D3B-6015-4C13-85B9-FA451F79B0D1}.Ad-Hoc|x64.Deploy.0 = Release|x64
		{CFE42D3B-6015-4C13-85B9-FA451F79B0D1}.Ad-Hoc|x86.ActiveCfg = Release|x86
		{CFE42D3B-6015-4C13-85B9-FA451F79B0D1}.Ad-Hoc|x86.Build.0 = Release|x86
		{CFE42D3B-6015-4C13-85B9-FA451F79B0D1}.Ad-Hoc|x86.Deploy.0 = Release|x86
		{CFE42D3B-6015-4C13-85B9-FA451F79B0D1}.AppStore|Any CPU.ActiveCfg = Release|x86
		{CFE42D3B-6015-4C13-85B9-FA451F79B0D1}.AppStore|Any CPU.Build.0 = Release|x86
		{CFE42D3B-6015-4C13-85B9-FA451F79B0D1}.AppStore|Any CPU.Deploy.0 = Release|x86
		{CFE42D3B-6015-4C13-85B9-FA451F79B0D1}.AppStore|ARM.ActiveCfg = Release|ARM
		{CFE42D3B-6015-4C13-85B9-FA451F79B0D1}.AppStore|ARM.Build.0 = Release|ARM
		{CFE42D3B-6015-4C13-85B9-FA451F79B0D1}.AppStore|ARM.Deploy.0 = Release|ARM
		{CFE42D3B-6015-4C13-85B9-FA451F79B0D1}.AppStore|iPhone.ActiveCfg = Release|x86
		{CFE42D3B-6015-4C13-85B9-FA451F79B0D1}.AppStore|iPhone.Build.0 = Release|x86
		{CFE42D3B-6015-4C13-85B9-FA451F79B0D1}.AppStore|iPhone.Deploy.0 = Release|x86
		{CFE42D3B-6015-4C13-85B9-FA451F79B0D1}.AppStore|iPhoneSimulator.ActiveCfg = Release|x86
		{CFE42D3B-6015-4C13-85B9-FA451F79B0D1}.AppStore|iPhoneSimulator.Build.0 = Release|x86
		{CFE42D3B-6015-4C13-85B9-FA451F79B0D1}.AppStore|iPhoneSimulator.Deploy.0 = Release|x86
		{CFE42D3B-6015-4C13-85B9-FA451F79B0D1}.AppStore|x64.ActiveCfg = Release|x64
		{CFE42D3B-6015-4C13-85B9-FA451F79B0D1}.AppStore|x64.Build.0 = Release|x64
		{CFE42D3B-6015-4C13-85B9-FA451F79B0D1}.AppStore|x64.Deploy.0 = Release|x64
		{CFE42D3B-6015-4C13-85B9-FA451F79B0D1}.AppStore|x86.ActiveCfg = Release|x86
		{CFE42D3B-6015-4C13-85B9-FA451F79B0D1}.AppStore|x86.Build.0 = Release|x86
		{CFE42D3B-6015-4C13-85B9-FA451F79B0D1}.AppStore|x86.Deploy.0 = Release|x86
		{CFE42D3B-6015-4C13-85B9-FA451F79B0D1}.Debug|Any CPU.ActiveCfg = Debug|x86
		{CFE42D3B-6015-4C13-85B9-FA451F79B0D1}.Debug|ARM.ActiveCfg = Debug|ARM
		{CFE42D3B-6015-4C13-85B9-FA451F79B0D1}.Debug|ARM.Build.0 = Debug|ARM
		{CFE42D3B-6015-4C13-85B9-FA451F79B0D1}.Debug|ARM.Deploy.0 = Debug|ARM
		{CFE42D3B-6015-4C13-85B9-FA451F79B0D1}.Debug|iPhone.ActiveCfg = Debug|x86
		{CFE42D3B-6015-4C13-85B9-FA451F79B0D1}.Debug|iPhoneSimulator.ActiveCfg = Debug|x86
		{CFE42D3B-6015-4C13-85B9-FA451F79B0D1}.Debug|x64.ActiveCfg = Debug|x64
		{CFE42D3B-6015-4C13-85B9-FA451F79B0D1}.Debug|x64.Build.0 = Debug|x64
		{CFE42D3B-6015-4C13-85B9-FA451F79B0D1}.Debug|x64.Deploy.0 = Debug|x64
		{CFE42D3B-6015-4C13-85B9-FA451F79B0D1}.Debug|x86.ActiveCfg = Debug|x86
		{CFE42D3B-6015-4C13-85B9-FA451F79B0D1}.Debug|x86.Build.0 = Debug|x86
		{CFE42D3B-6015-4C13-85B9-FA451F79B0D1}.Debug|x86.Deploy.0 = Debug|x86
		{CFE42D3B-6015-4C13-85B9-FA451F79B0D1}.Release|Any CPU.ActiveCfg = Release|x86
		{CFE42D3B-6015-4C13-85B9-FA451F79B0D1}.Release|ARM.ActiveCfg = Release|ARM
		{CFE42D3B-6015-4C13-85B9-FA451F79B0D1}.Release|ARM.Build.0 = Release|ARM
		{CFE42D3B-6015-4C13-85B9-FA451F79B0D1}.Release|ARM.Deploy.0 = Release|ARM
		{CFE42D3B-6015-4C13-85B9-FA451F79B0D1}.Release|iPhone.ActiveCfg = Release|x86
		{CFE42D3B-6015-4C13-85B9-FA451F79B0D1}.Release|iPhoneSimulator.ActiveCfg = Release|x86
		{CFE42D3B-6015-4C13-85B9-FA451F79B0D1}.Release|x64.ActiveCfg = Release|x64
		{CFE42D3B-6015-4C13-85B9-FA451F79B0D1}.Release|x64.Build.0 = Release|x64
		{CFE42D3B-6015-4C13-85B9-FA451F79B0D1}.Release|x64.Deploy.0 = Release|x64
		{CFE42D3B-6015-4C13-85B9-FA451F79B0D1}.Release|x86.ActiveCfg = Release|x86
		{CFE42D3B-6015-4C13-85B9-FA451F79B0D1}.Release|x86.Build.0 = Release|x86
		{CFE42D3B-6015-4C13-85B9-FA451F79B0D1}.Release|x86.Deploy.0 = Release|x86
		{158DDDEC-E215-4488-93A1-5DCE5AD13594}.Ad-Hoc|Any CPU.ActiveCfg = Ad-Hoc|iPhoneSimulator
		{158DDDEC-E215-4488-93A1-5DCE5AD13594}.Ad-Hoc|ARM.ActiveCfg = Ad-Hoc|iPhone
		{158DDDEC-E215-4488-93A1-5DCE5AD13594}.Ad-Hoc|iPhone.ActiveCfg = Ad-Hoc|iPhone
		{158DDDEC-E215-4488-93A1-5DCE5AD13594}.Ad-Hoc|iPhone.Build.0 = Ad-Hoc|iPhone
		{158DDDEC-E215-4488-93A1-5DCE5AD13594}.Ad-Hoc|iPhoneSimulator.ActiveCfg = Ad-Hoc|iPhoneSimulator
		{158DDDEC-E215-4488-93A1-5DCE5AD13594}.Ad-Hoc|iPhoneSimulator.Build.0 = Ad-Hoc|iPhoneSimulator
		{158DDDEC-E215-4488-93A1-5DCE5AD13594}.Ad-Hoc|x64.ActiveCfg = Ad-Hoc|iPhone
		{158DDDEC-E215-4488-93A1-5DCE5AD13594}.Ad-Hoc|x86.ActiveCfg = Ad-Hoc|iPhone
		{158DDDEC-E215-4488-93A1-5DCE5AD13594}.AppStore|Any CPU.ActiveCfg = AppStore|iPhoneSimulator
		{158DDDEC-E215-4488-93A1-5DCE5AD13594}.AppStore|ARM.ActiveCfg = AppStore|iPhone
		{158DDDEC-E215-4488-93A1-5DCE5AD13594}.AppStore|iPhone.ActiveCfg = AppStore|iPhone
		{158DDDEC-E215-4488-93A1-5DCE5AD13594}.AppStore|iPhone.Build.0 = AppStore|iPhone
		{158DDDEC-E215-4488-93A1-5DCE5AD13594}.AppStore|iPhoneSimulator.ActiveCfg = AppStore|iPhoneSimulator
		{158DDDEC-E215-4488-93A1-5DCE5AD13594}.AppStore|iPhoneSimulator.Build.0 = AppStore|iPhoneSimulator
		{158DDDEC-E215-4488-93A1-5DCE5AD13594}.AppStore|x64.ActiveCfg = AppStore|iPhone
		{158DDDEC-E215-4488-93A1-5DCE5AD13594}.AppStore|x86.ActiveCfg = AppStore|iPhone
		{158DDDEC-E215-4488-93A1-5DCE5AD13594}.Debug|Any CPU.ActiveCfg = Debug|iPhoneSimulator
		{158DDDEC-E215-4488-93A1-5DCE5AD13594}.Debug|ARM.ActiveCfg = Debug|iPhone
		{158DDDEC-E215-4488-93A1-5DCE5AD13594}.Debug|iPhone.ActiveCfg = Debug|iPhone
		{158DDDEC-E215-4488-93A1-5DCE5AD13594}.Debug|iPhone.Build.0 = Debug|iPhone
		{158DDDEC-E215-4488-93A1-5DCE5AD13594}.Debug|iPhoneSimulator.ActiveCfg = Debug|iPhoneSimulator
		{158DDDEC-E215-4488-93A1-5DCE5AD13594}.Debug|iPhoneSimulator.Build.0 = Debug|iPhoneSimulator
		{158DDDEC-E215-4488-93A1-5DCE5AD13594}.Debug|x64.ActiveCfg = Debug|iPhone
		{158DDDEC-E215-4488-93A1-5DCE5AD13594}.Debug|x86.ActiveCfg = Debug|iPhone
		{158DDDEC-E215-4488-93A1-5DCE5AD13594}.Release|Any CPU.ActiveCfg = Release|iPhoneSimulator
		{158DDDEC-E215-4488-93A1-5DCE5AD13594}.Release|ARM.ActiveCfg = Release|iPhone
		{158DDDEC-E215-4488-93A1-5DCE5AD13594}.Release|iPhone.ActiveCfg = Release|iPhone
		{158DDDEC-E215-4488-93A1-5DCE5AD13594}.Release|iPhone.Build.0 = Release|iPhone
		{158DDDEC-E215-4488-93A1-5DCE5AD13594}.Release|iPhoneSimulator.ActiveCfg = Release|iPhoneSimulator
		{158DDDEC-E215-4488-93A1-5DCE5AD13594}.Release|iPhoneSimulator.Build.0 = Release|iPhoneSimulator
		{158DDDEC-E215-4488-93A1-5DCE5AD13594}.Release|x64.ActiveCfg = Release|iPhone
		{158DDDEC-E215-4488-93A1-5DCE5AD13594}.Release|x86.ActiveCfg = Release|iPhone
		{84A54E22-DACB-4FE6-B9EB-1F34F24CFDD1}.Ad-Hoc|Any CPU.ActiveCfg = Debug|Any CPU
		{84A54E22-DACB-4FE6-B9EB-1F34F24CFDD1}.Ad-Hoc|Any CPU.Build.0 = Debug|Any CPU
		{84A54E22-DACB-4FE6-B9EB-1F34F24CFDD1}.Ad-Hoc|ARM.ActiveCfg = Debug|Any CPU
		{84A54E22-DACB-4FE6-B9EB-1F34F24CFDD1}.Ad-Hoc|ARM.Build.0 = Debug|Any CPU
		{84A54E22-DACB-4FE6-B9EB-1F34F24CFDD1}.Ad-Hoc|iPhone.ActiveCfg = Debug|Any CPU
		{84A54E22-DACB-4FE6-B9EB-1F34F24CFDD1}.Ad-Hoc|iPhone.Build.0 = Debug|Any CPU
		{84A54E22-DACB-4FE6-B9EB-1F34F24CFDD1}.Ad-Hoc|iPhoneSimulator.ActiveCfg = Debug|Any CPU
		{84A54E22-DACB-4FE6-B9EB-1F34F24CFDD1}.Ad-Hoc|iPhoneSimulator.Build.0 = Debug|Any CPU
		{84A54E22-DACB-4FE6-B9EB-1F34F24CFDD1}.Ad-Hoc|x64.ActiveCfg = Debug|Any CPU
		{84A54E22-DACB-4FE6-B9EB-1F34F24CFDD1}.Ad-Hoc|x64.Build.0 = Debug|Any CPU
		{84A54E22-DACB-4FE6-B9EB-1F34F24CFDD1}.Ad-Hoc|x86.ActiveCfg = Debug|Any CPU
		{84A54E22-DACB-4FE6-B9EB-1F34F24CFDD1}.Ad-Hoc|x86.Build.0 = Debug|Any CPU
		{84A54E22-DACB-4FE6-B9EB-1F34F24CFDD1}.AppStore|Any CPU.ActiveCfg = Debug|Any CPU
		{84A54E22-DACB-4FE6-B9EB-1F34F24CFDD1}.AppStore|Any CPU.Build.0 = Debug|Any CPU
		{84A54E22-DACB-4FE6-B9EB-1F34F24CFDD1}.AppStore|ARM.ActiveCfg = Debug|Any CPU
		{84A54E22-DACB-4FE6-B9EB-1F34F24CFDD1}.AppStore|ARM.Build.0 = Debug|Any CPU
		{84A54E22-DACB-4FE6-B9EB-1F34F24CFDD1}.AppStore|iPhone.ActiveCfg = Debug|Any CPU
		{84A54E22-DACB-4FE6-B9EB-1F34F24CFDD1}.AppStore|iPhone.Build.0 = Debug|Any CPU
		{84A54E22-DACB-4FE6-B9EB-1F34F24CFDD1}.AppStore|iPhoneSimulator.ActiveCfg = Debug|Any CPU
		{84A54E22-DACB-4FE6-B9EB-1F34F24CFDD1}.AppStore|iPhoneSimulator.Build.0 = Debug|Any CPU
		{84A54E22-DACB-4FE6-B9EB-1F34F24CFDD1}.AppStore|x64.ActiveCfg = Debug|Any CPU
		{84A54E22-DACB-4FE6-B9EB-1F34F24CFDD1}.AppStore|x64.Build.0 = Debug|Any CPU
		{84A54E22-DACB-4FE6-B9EB-1F34F24CFDD1}.AppStore|x86.ActiveCfg = Debug|Any CPU
		{84A54E22-DACB-4FE6-B9EB-1F34F24CFDD1}.AppStore|x86.Build.0 = Debug|Any CPU
		{84A54E22-DACB-4FE6-B9EB-1F34F24CFDD1}.Debug|Any CPU.ActiveCfg = Debug|Any CPU
		{84A54E22-DACB-4FE6-B9EB-1F34F24CFDD1}.Debug|Any CPU.Build.0 = Debug|Any CPU
		{84A54E22-DACB-4FE6-B9EB-1F34F24CFDD1}.Debug|ARM.ActiveCfg = Debug|Any CPU
		{84A54E22-DACB-4FE6-B9EB-1F34F24CFDD1}.Debug|ARM.Build.0 = Debug|Any CPU
		{84A54E22-DACB-4FE6-B9EB-1F34F24CFDD1}.Debug|iPhone.ActiveCfg = Debug|Any CPU
		{84A54E22-DACB-4FE6-B9EB-1F34F24CFDD1}.Debug|iPhone.Build.0 = Debug|Any CPU
		{84A54E22-DACB-4FE6-B9EB-1F34F24CFDD1}.Debug|iPhoneSimulator.ActiveCfg = Debug|Any CPU
		{84A54E22-DACB-4FE6-B9EB-1F34F24CFDD1}.Debug|iPhoneSimulator.Build.0 = Debug|Any CPU
		{84A54E22-DACB-4FE6-B9EB-1F34F24CFDD1}.Debug|x64.ActiveCfg = Debug|Any CPU
		{84A54E22-DACB-4FE6-B9EB-1F34F24CFDD1}.Debug|x64.Build.0 = Debug|Any CPU
		{84A54E22-DACB-4FE6-B9EB-1F34F24CFDD1}.Debug|x86.ActiveCfg = Debug|Any CPU
		{84A54E22-DACB-4FE6-B9EB-1F34F24CFDD1}.Debug|x86.Build.0 = Debug|Any CPU
		{84A54E22-DACB-4FE6-B9EB-1F34F24CFDD1}.Release|Any CPU.ActiveCfg = Release|Any CPU
		{84A54E22-DACB-4FE6-B9EB-1F34F24CFDD1}.Release|Any CPU.Build.0 = Release|Any CPU
		{84A54E22-DACB-4FE6-B9EB-1F34F24CFDD1}.Release|ARM.ActiveCfg = Release|Any CPU
		{84A54E22-DACB-4FE6-B9EB-1F34F24CFDD1}.Release|ARM.Build.0 = Release|Any CPU
		{84A54E22-DACB-4FE6-B9EB-1F34F24CFDD1}.Release|iPhone.ActiveCfg = Release|Any CPU
		{84A54E22-DACB-4FE6-B9EB-1F34F24CFDD1}.Release|iPhone.Build.0 = Release|Any CPU
		{84A54E22-DACB-4FE6-B9EB-1F34F24CFDD1}.Release|iPhoneSimulator.ActiveCfg = Release|Any CPU
		{84A54E22-DACB-4FE6-B9EB-1F34F24CFDD1}.Release|iPhoneSimulator.Build.0 = Release|Any CPU
		{84A54E22-DACB-4FE6-B9EB-1F34F24CFDD1}.Release|x64.ActiveCfg = Release|Any CPU
		{84A54E22-DACB-4FE6-B9EB-1F34F24CFDD1}.Release|x64.Build.0 = Release|Any CPU
		{84A54E22-DACB-4FE6-B9EB-1F34F24CFDD1}.Release|x86.ActiveCfg = Release|Any CPU
		{84A54E22-DACB-4FE6-B9EB-1F34F24CFDD1}.Release|x86.Build.0 = Release|Any CPU
	EndGlobalSection
	GlobalSection(SolutionProperties) = preSolution
		HideSolutionNode = FALSE
	EndGlobalSection
	GlobalSection(ExtensibilityGlobals) = postSolution
		SolutionGuid = {E6848A15-8E3F-45D8-B67C-5ACA7F84D176}
	EndGlobalSection
EndGlobal
