
Microsoft Visual Studio Solution File, Format Version 12.00
# Visual Studio 15
VisualStudioVersion = 15.0.27004.2008
MinimumVisualStudioVersion = 10.0.40219.1
Project("{FAE04EC0-301F-11D3-BF4B-00C04F79EFBC}") = "ConsoleIoTService", "ConsoleIoTService\ConsoleIoTService.csproj", "{7B698467-8F11-471C-8CF3-1FEC6728CC83}"
EndProject
Project("{D954291E-2A0B-460D-934E-DC6B0785DB48}") = "Settings", "..\Settings\Settings\Settings.shproj", "{E6454557-F259-4C83-B11E-B148C88EDFEF}"
EndProject
Global
	GlobalSection(SharedMSBuildProjectFiles) = preSolution
		..\Settings\Settings\Settings.projitems*{7b698467-8f11-471c-8cf3-1fec6728cc83}*SharedItemsImports = 4
		..\Settings\Settings\Settings.projitems*{e6454557-f259-4c83-b11e-b148c88edfef}*SharedItemsImports = 13
	EndGlobalSection
	GlobalSection(SolutionConfigurationPlatforms) = preSolution
		Debug|Any CPU = Debug|Any CPU
		Release|Any CPU = Release|Any CPU
	EndGlobalSection
	GlobalSection(ProjectConfigurationPlatforms) = postSolution
		{7B698467-8F11-471C-8CF3-1FEC6728CC83}.Debug|Any CPU.ActiveCfg = Debug|Any CPU
		{7B698467-8F11-471C-8CF3-1FEC6728CC83}.Debug|Any CPU.Build.0 = Debug|Any CPU
		{7B698467-8F11-471C-8CF3-1FEC6728CC83}.Release|Any CPU.ActiveCfg = Release|Any CPU
		{7B698467-8F11-471C-8CF3-1FEC6728CC83}.Release|Any CPU.Build.0 = Release|Any CPU
	EndGlobalSection
	GlobalSection(SolutionProperties) = preSolution
		HideSolutionNode = FALSE
	EndGlobalSection
	GlobalSection(ExtensibilityGlobals) = postSolution
		SolutionGuid = {80B2AE63-2852-4177-8699-453EE49851C8}
	EndGlobalSection
EndGlobal
